{
  "name": "globe",
  "version": "1.0.0",
  "lockfileVersion": 3,
  "requires": true,
  "packages": {
    "": {
      "name": "globe",
      "version": "1.0.0",
      "dependencies": {
        "globe.gl": "^2.32.6"
      },
      "devDependencies": {
        "vite": "^5.4.1"
      }
    },
    "node_modules/@babel/runtime": {
      "version": "7.25.6",
      "resolved": "https://registry.npmjs.org/@babel/runtime/-/runtime-7.25.6.tgz",
      "integrity": "sha512-VBj9MYyDb9tuLq7yzqjgzt6Q+IBQLrGZfdjOekyEirZPHxXWoTSGUTMrpsfi58Up73d13NfYLv8HT9vmznjzhQ==",
      "license": "MIT",
      "dependencies": {
        "regenerator-runtime": "^0.14.0"
      },
      "engines": {
        "node": ">=6.9.0"
      }
    },
    "node_modules/@esbuild/aix-ppc64": {
      "version": "0.21.5",
      "resolved": "https://registry.npmjs.org/@esbuild/aix-ppc64/-/aix-ppc64-0.21.5.tgz",
      "integrity": "sha512-1SDgH6ZSPTlggy1yI6+Dbkiz8xzpHJEVAlF/AM1tHPLsf5STom9rwtjE4hKAF20FfXXNTFqEYXyJNWh1GiZedQ==",
      "cpu": [
        "ppc64"
      ],
      "dev": true,
      "license": "MIT",
      "optional": true,
      "os": [
        "aix"
      ],
      "engines": {
        "node": ">=12"
      }
    },
    "node_modules/@esbuild/android-arm": {
      "version": "0.21.5",
      "resolved": "https://registry.npmjs.org/@esbuild/android-arm/-/android-arm-0.21.5.tgz",
      "integrity": "sha512-vCPvzSjpPHEi1siZdlvAlsPxXl7WbOVUBBAowWug4rJHb68Ox8KualB+1ocNvT5fjv6wpkX6o/iEpbDrf68zcg==",
      "cpu": [
        "arm"
      ],
      "dev": true,
      "license": "MIT",
      "optional": true,
      "os": [
        "android"
      ],
      "engines": {
        "node": ">=12"
      }
    },
    "node_modules/@esbuild/android-arm64": {
      "version": "0.21.5",
      "resolved": "https://registry.npmjs.org/@esbuild/android-arm64/-/android-arm64-0.21.5.tgz",
      "integrity": "sha512-c0uX9VAUBQ7dTDCjq+wdyGLowMdtR/GoC2U5IYk/7D1H1JYC0qseD7+11iMP2mRLN9RcCMRcjC4YMclCzGwS/A==",
      "cpu": [
        "arm64"
      ],
      "dev": true,
      "license": "MIT",
      "optional": true,
      "os": [
        "android"
      ],
      "engines": {
        "node": ">=12"
      }
    },
    "node_modules/@esbuild/android-x64": {
      "version": "0.21.5",
      "resolved": "https://registry.npmjs.org/@esbuild/android-x64/-/android-x64-0.21.5.tgz",
      "integrity": "sha512-D7aPRUUNHRBwHxzxRvp856rjUHRFW1SdQATKXH2hqA0kAZb1hKmi02OpYRacl0TxIGz/ZmXWlbZgjwWYaCakTA==",
      "cpu": [
        "x64"
      ],
      "dev": true,
      "license": "MIT",
      "optional": true,
      "os": [
        "android"
      ],
      "engines": {
        "node": ">=12"
      }
    },
    "node_modules/@esbuild/darwin-arm64": {
      "version": "0.21.5",
      "resolved": "https://registry.npmjs.org/@esbuild/darwin-arm64/-/darwin-arm64-0.21.5.tgz",
      "integrity": "sha512-DwqXqZyuk5AiWWf3UfLiRDJ5EDd49zg6O9wclZ7kUMv2WRFr4HKjXp/5t8JZ11QbQfUS6/cRCKGwYhtNAY88kQ==",
      "cpu": [
        "arm64"
      ],
      "dev": true,
      "license": "MIT",
      "optional": true,
      "os": [
        "darwin"
      ],
      "engines": {
        "node": ">=12"
      }
    },
    "node_modules/@esbuild/darwin-x64": {
      "version": "0.21.5",
      "resolved": "https://registry.npmjs.org/@esbuild/darwin-x64/-/darwin-x64-0.21.5.tgz",
      "integrity": "sha512-se/JjF8NlmKVG4kNIuyWMV/22ZaerB+qaSi5MdrXtd6R08kvs2qCN4C09miupktDitvh8jRFflwGFBQcxZRjbw==",
      "cpu": [
        "x64"
      ],
      "dev": true,
      "license": "MIT",
      "optional": true,
      "os": [
        "darwin"
      ],
      "engines": {
        "node": ">=12"
      }
    },
    "node_modules/@esbuild/freebsd-arm64": {
      "version": "0.21.5",
      "resolved": "https://registry.npmjs.org/@esbuild/freebsd-arm64/-/freebsd-arm64-0.21.5.tgz",
      "integrity": "sha512-5JcRxxRDUJLX8JXp/wcBCy3pENnCgBR9bN6JsY4OmhfUtIHe3ZW0mawA7+RDAcMLrMIZaf03NlQiX9DGyB8h4g==",
      "cpu": [
        "arm64"
      ],
      "dev": true,
      "license": "MIT",
      "optional": true,
      "os": [
        "freebsd"
      ],
      "engines": {
        "node": ">=12"
      }
    },
    "node_modules/@esbuild/freebsd-x64": {
      "version": "0.21.5",
      "resolved": "https://registry.npmjs.org/@esbuild/freebsd-x64/-/freebsd-x64-0.21.5.tgz",
      "integrity": "sha512-J95kNBj1zkbMXtHVH29bBriQygMXqoVQOQYA+ISs0/2l3T9/kj42ow2mpqerRBxDJnmkUDCaQT/dfNXWX/ZZCQ==",
      "cpu": [
        "x64"
      ],
      "dev": true,
      "license": "MIT",
      "optional": true,
      "os": [
        "freebsd"
      ],
      "engines": {
        "node": ">=12"
      }
    },
    "node_modules/@esbuild/linux-arm": {
      "version": "0.21.5",
      "resolved": "https://registry.npmjs.org/@esbuild/linux-arm/-/linux-arm-0.21.5.tgz",
      "integrity": "sha512-bPb5AHZtbeNGjCKVZ9UGqGwo8EUu4cLq68E95A53KlxAPRmUyYv2D6F0uUI65XisGOL1hBP5mTronbgo+0bFcA==",
      "cpu": [
        "arm"
      ],
      "dev": true,
      "license": "MIT",
      "optional": true,
      "os": [
        "linux"
      ],
      "engines": {
        "node": ">=12"
      }
    },
    "node_modules/@esbuild/linux-arm64": {
      "version": "0.21.5",
      "resolved": "https://registry.npmjs.org/@esbuild/linux-arm64/-/linux-arm64-0.21.5.tgz",
      "integrity": "sha512-ibKvmyYzKsBeX8d8I7MH/TMfWDXBF3db4qM6sy+7re0YXya+K1cem3on9XgdT2EQGMu4hQyZhan7TeQ8XkGp4Q==",
      "cpu": [
        "arm64"
      ],
      "dev": true,
      "license": "MIT",
      "optional": true,
      "os": [
        "linux"
      ],
      "engines": {
        "node": ">=12"
      }
    },
    "node_modules/@esbuild/linux-ia32": {
      "version": "0.21.5",
      "resolved": "https://registry.npmjs.org/@esbuild/linux-ia32/-/linux-ia32-0.21.5.tgz",
      "integrity": "sha512-YvjXDqLRqPDl2dvRODYmmhz4rPeVKYvppfGYKSNGdyZkA01046pLWyRKKI3ax8fbJoK5QbxblURkwK/MWY18Tg==",
      "cpu": [
        "ia32"
      ],
      "dev": true,
      "license": "MIT",
      "optional": true,
      "os": [
        "linux"
      ],
      "engines": {
        "node": ">=12"
      }
    },
    "node_modules/@esbuild/linux-loong64": {
      "version": "0.21.5",
      "resolved": "https://registry.npmjs.org/@esbuild/linux-loong64/-/linux-loong64-0.21.5.tgz",
      "integrity": "sha512-uHf1BmMG8qEvzdrzAqg2SIG/02+4/DHB6a9Kbya0XDvwDEKCoC8ZRWI5JJvNdUjtciBGFQ5PuBlpEOXQj+JQSg==",
      "cpu": [
        "loong64"
      ],
      "dev": true,
      "license": "MIT",
      "optional": true,
      "os": [
        "linux"
      ],
      "engines": {
        "node": ">=12"
      }
    },
    "node_modules/@esbuild/linux-mips64el": {
      "version": "0.21.5",
      "resolved": "https://registry.npmjs.org/@esbuild/linux-mips64el/-/linux-mips64el-0.21.5.tgz",
      "integrity": "sha512-IajOmO+KJK23bj52dFSNCMsz1QP1DqM6cwLUv3W1QwyxkyIWecfafnI555fvSGqEKwjMXVLokcV5ygHW5b3Jbg==",
      "cpu": [
        "mips64el"
      ],
      "dev": true,
      "license": "MIT",
      "optional": true,
      "os": [
        "linux"
      ],
      "engines": {
        "node": ">=12"
      }
    },
    "node_modules/@esbuild/linux-ppc64": {
      "version": "0.21.5",
      "resolved": "https://registry.npmjs.org/@esbuild/linux-ppc64/-/linux-ppc64-0.21.5.tgz",
      "integrity": "sha512-1hHV/Z4OEfMwpLO8rp7CvlhBDnjsC3CttJXIhBi+5Aj5r+MBvy4egg7wCbe//hSsT+RvDAG7s81tAvpL2XAE4w==",
      "cpu": [
        "ppc64"
      ],
      "dev": true,
      "license": "MIT",
      "optional": true,
      "os": [
        "linux"
      ],
      "engines": {
        "node": ">=12"
      }
    },
    "node_modules/@esbuild/linux-riscv64": {
      "version": "0.21.5",
      "resolved": "https://registry.npmjs.org/@esbuild/linux-riscv64/-/linux-riscv64-0.21.5.tgz",
      "integrity": "sha512-2HdXDMd9GMgTGrPWnJzP2ALSokE/0O5HhTUvWIbD3YdjME8JwvSCnNGBnTThKGEB91OZhzrJ4qIIxk/SBmyDDA==",
      "cpu": [
        "riscv64"
      ],
      "dev": true,
      "license": "MIT",
      "optional": true,
      "os": [
        "linux"
      ],
      "engines": {
        "node": ">=12"
      }
    },
    "node_modules/@esbuild/linux-s390x": {
      "version": "0.21.5",
      "resolved": "https://registry.npmjs.org/@esbuild/linux-s390x/-/linux-s390x-0.21.5.tgz",
      "integrity": "sha512-zus5sxzqBJD3eXxwvjN1yQkRepANgxE9lgOW2qLnmr8ikMTphkjgXu1HR01K4FJg8h1kEEDAqDcZQtbrRnB41A==",
      "cpu": [
        "s390x"
      ],
      "dev": true,
      "license": "MIT",
      "optional": true,
      "os": [
        "linux"
      ],
      "engines": {
        "node": ">=12"
      }
    },
    "node_modules/@esbuild/linux-x64": {
      "version": "0.21.5",
      "resolved": "https://registry.npmjs.org/@esbuild/linux-x64/-/linux-x64-0.21.5.tgz",
      "integrity": "sha512-1rYdTpyv03iycF1+BhzrzQJCdOuAOtaqHTWJZCWvijKD2N5Xu0TtVC8/+1faWqcP9iBCWOmjmhoH94dH82BxPQ==",
      "cpu": [
        "x64"
      ],
      "dev": true,
      "license": "MIT",
      "optional": true,
      "os": [
        "linux"
      ],
      "engines": {
        "node": ">=12"
      }
    },
    "node_modules/@esbuild/netbsd-x64": {
      "version": "0.21.5",
      "resolved": "https://registry.npmjs.org/@esbuild/netbsd-x64/-/netbsd-x64-0.21.5.tgz",
      "integrity": "sha512-Woi2MXzXjMULccIwMnLciyZH4nCIMpWQAs049KEeMvOcNADVxo0UBIQPfSmxB3CWKedngg7sWZdLvLczpe0tLg==",
      "cpu": [
        "x64"
      ],
      "dev": true,
      "license": "MIT",
      "optional": true,
      "os": [
        "netbsd"
      ],
      "engines": {
        "node": ">=12"
      }
    },
    "node_modules/@esbuild/openbsd-x64": {
      "version": "0.21.5",
      "resolved": "https://registry.npmjs.org/@esbuild/openbsd-x64/-/openbsd-x64-0.21.5.tgz",
      "integrity": "sha512-HLNNw99xsvx12lFBUwoT8EVCsSvRNDVxNpjZ7bPn947b8gJPzeHWyNVhFsaerc0n3TsbOINvRP2byTZ5LKezow==",
      "cpu": [
        "x64"
      ],
      "dev": true,
      "license": "MIT",
      "optional": true,
      "os": [
        "openbsd"
      ],
      "engines": {
        "node": ">=12"
      }
    },
    "node_modules/@esbuild/sunos-x64": {
      "version": "0.21.5",
      "resolved": "https://registry.npmjs.org/@esbuild/sunos-x64/-/sunos-x64-0.21.5.tgz",
      "integrity": "sha512-6+gjmFpfy0BHU5Tpptkuh8+uw3mnrvgs+dSPQXQOv3ekbordwnzTVEb4qnIvQcYXq6gzkyTnoZ9dZG+D4garKg==",
      "cpu": [
        "x64"
      ],
      "dev": true,
      "license": "MIT",
      "optional": true,
      "os": [
        "sunos"
      ],
      "engines": {
        "node": ">=12"
      }
    },
    "node_modules/@esbuild/win32-arm64": {
      "version": "0.21.5",
      "resolved": "https://registry.npmjs.org/@esbuild/win32-arm64/-/win32-arm64-0.21.5.tgz",
      "integrity": "sha512-Z0gOTd75VvXqyq7nsl93zwahcTROgqvuAcYDUr+vOv8uHhNSKROyU961kgtCD1e95IqPKSQKH7tBTslnS3tA8A==",
      "cpu": [
        "arm64"
      ],
      "dev": true,
      "license": "MIT",
      "optional": true,
      "os": [
        "win32"
      ],
      "engines": {
        "node": ">=12"
      }
    },
    "node_modules/@esbuild/win32-ia32": {
      "version": "0.21.5",
      "resolved": "https://registry.npmjs.org/@esbuild/win32-ia32/-/win32-ia32-0.21.5.tgz",
      "integrity": "sha512-SWXFF1CL2RVNMaVs+BBClwtfZSvDgtL//G/smwAc5oVK/UPu2Gu9tIaRgFmYFFKrmg3SyAjSrElf0TiJ1v8fYA==",
      "cpu": [
        "ia32"
      ],
      "dev": true,
      "license": "MIT",
      "optional": true,
      "os": [
        "win32"
      ],
      "engines": {
        "node": ">=12"
      }
    },
    "node_modules/@esbuild/win32-x64": {
      "version": "0.21.5",
      "resolved": "https://registry.npmjs.org/@esbuild/win32-x64/-/win32-x64-0.21.5.tgz",
      "integrity": "sha512-tQd/1efJuzPC6rCFwEvLtci/xNFcTZknmXs98FYDfGE4wP9ClFV98nyKrzJKVPMhdDnjzLhdUyMX4PsQAPjwIw==",
      "cpu": [
        "x64"
      ],
      "dev": true,
      "license": "MIT",
      "optional": true,
      "os": [
        "win32"
      ],
      "engines": {
        "node": ">=12"
      }
    },
    "node_modules/@rollup/rollup-android-arm-eabi": {
      "version": "4.22.5",
      "resolved": "https://registry.npmjs.org/@rollup/rollup-android-arm-eabi/-/rollup-android-arm-eabi-4.22.5.tgz",
      "integrity": "sha512-SU5cvamg0Eyu/F+kLeMXS7GoahL+OoizlclVFX3l5Ql6yNlywJJ0OuqTzUx0v+aHhPHEB/56CT06GQrRrGNYww==",
      "cpu": [
        "arm"
      ],
      "dev": true,
      "license": "MIT",
      "optional": true,
      "os": [
        "android"
      ]
    },
    "node_modules/@rollup/rollup-android-arm64": {
      "version": "4.22.5",
      "resolved": "https://registry.npmjs.org/@rollup/rollup-android-arm64/-/rollup-android-arm64-4.22.5.tgz",
      "integrity": "sha512-S4pit5BP6E5R5C8S6tgU/drvgjtYW76FBuG6+ibG3tMvlD1h9LHVF9KmlmaUBQ8Obou7hEyS+0w+IR/VtxwNMQ==",
      "cpu": [
        "arm64"
      ],
      "dev": true,
      "license": "MIT",
      "optional": true,
      "os": [
        "android"
      ]
    },
    "node_modules/@rollup/rollup-darwin-arm64": {
      "version": "4.22.5",
      "resolved": "https://registry.npmjs.org/@rollup/rollup-darwin-arm64/-/rollup-darwin-arm64-4.22.5.tgz",
      "integrity": "sha512-250ZGg4ipTL0TGvLlfACkIxS9+KLtIbn7BCZjsZj88zSg2Lvu3Xdw6dhAhfe/FjjXPVNCtcSp+WZjVsD3a/Zlw==",
      "cpu": [
        "arm64"
      ],
      "dev": true,
      "license": "MIT",
      "optional": true,
      "os": [
        "darwin"
      ]
    },
    "node_modules/@rollup/rollup-darwin-x64": {
      "version": "4.22.5",
      "resolved": "https://registry.npmjs.org/@rollup/rollup-darwin-x64/-/rollup-darwin-x64-4.22.5.tgz",
      "integrity": "sha512-D8brJEFg5D+QxFcW6jYANu+Rr9SlKtTenmsX5hOSzNYVrK5oLAEMTUgKWYJP+wdKyCdeSwnapLsn+OVRFycuQg==",
      "cpu": [
        "x64"
      ],
      "dev": true,
      "license": "MIT",
      "optional": true,
      "os": [
        "darwin"
      ]
    },
    "node_modules/@rollup/rollup-linux-arm-gnueabihf": {
      "version": "4.22.5",
      "resolved": "https://registry.npmjs.org/@rollup/rollup-linux-arm-gnueabihf/-/rollup-linux-arm-gnueabihf-4.22.5.tgz",
      "integrity": "sha512-PNqXYmdNFyWNg0ma5LdY8wP+eQfdvyaBAojAXgO7/gs0Q/6TQJVXAXe8gwW9URjbS0YAammur0fynYGiWsKlXw==",
      "cpu": [
        "arm"
      ],
      "dev": true,
      "license": "MIT",
      "optional": true,
      "os": [
        "linux"
      ]
    },
    "node_modules/@rollup/rollup-linux-arm-musleabihf": {
      "version": "4.22.5",
      "resolved": "https://registry.npmjs.org/@rollup/rollup-linux-arm-musleabihf/-/rollup-linux-arm-musleabihf-4.22.5.tgz",
      "integrity": "sha512-kSSCZOKz3HqlrEuwKd9TYv7vxPYD77vHSUvM2y0YaTGnFc8AdI5TTQRrM1yIp3tXCKrSL9A7JLoILjtad5t8pQ==",
      "cpu": [
        "arm"
      ],
      "dev": true,
      "license": "MIT",
      "optional": true,
      "os": [
        "linux"
      ]
    },
    "node_modules/@rollup/rollup-linux-arm64-gnu": {
      "version": "4.22.5",
      "resolved": "https://registry.npmjs.org/@rollup/rollup-linux-arm64-gnu/-/rollup-linux-arm64-gnu-4.22.5.tgz",
      "integrity": "sha512-oTXQeJHRbOnwRnRffb6bmqmUugz0glXaPyspp4gbQOPVApdpRrY/j7KP3lr7M8kTfQTyrBUzFjj5EuHAhqH4/w==",
      "cpu": [
        "arm64"
      ],
      "dev": true,
      "license": "MIT",
      "optional": true,
      "os": [
        "linux"
      ]
    },
    "node_modules/@rollup/rollup-linux-arm64-musl": {
      "version": "4.22.5",
      "resolved": "https://registry.npmjs.org/@rollup/rollup-linux-arm64-musl/-/rollup-linux-arm64-musl-4.22.5.tgz",
      "integrity": "sha512-qnOTIIs6tIGFKCHdhYitgC2XQ2X25InIbZFor5wh+mALH84qnFHvc+vmWUpyX97B0hNvwNUL4B+MB8vJvH65Fw==",
      "cpu": [
        "arm64"
      ],
      "dev": true,
      "license": "MIT",
      "optional": true,
      "os": [
        "linux"
      ]
    },
    "node_modules/@rollup/rollup-linux-powerpc64le-gnu": {
      "version": "4.22.5",
      "resolved": "https://registry.npmjs.org/@rollup/rollup-linux-powerpc64le-gnu/-/rollup-linux-powerpc64le-gnu-4.22.5.tgz",
      "integrity": "sha512-TMYu+DUdNlgBXING13rHSfUc3Ky5nLPbWs4bFnT+R6Vu3OvXkTkixvvBKk8uO4MT5Ab6lC3U7x8S8El2q5o56w==",
      "cpu": [
        "ppc64"
      ],
      "dev": true,
      "license": "MIT",
      "optional": true,
      "os": [
        "linux"
      ]
    },
    "node_modules/@rollup/rollup-linux-riscv64-gnu": {
      "version": "4.22.5",
      "resolved": "https://registry.npmjs.org/@rollup/rollup-linux-riscv64-gnu/-/rollup-linux-riscv64-gnu-4.22.5.tgz",
      "integrity": "sha512-PTQq1Kz22ZRvuhr3uURH+U/Q/a0pbxJoICGSprNLAoBEkyD3Sh9qP5I0Asn0y0wejXQBbsVMRZRxlbGFD9OK4A==",
      "cpu": [
        "riscv64"
      ],
      "dev": true,
      "license": "MIT",
      "optional": true,
      "os": [
        "linux"
      ]
    },
    "node_modules/@rollup/rollup-linux-s390x-gnu": {
      "version": "4.22.5",
      "resolved": "https://registry.npmjs.org/@rollup/rollup-linux-s390x-gnu/-/rollup-linux-s390x-gnu-4.22.5.tgz",
      "integrity": "sha512-bR5nCojtpuMss6TDEmf/jnBnzlo+6n1UhgwqUvRoe4VIotC7FG1IKkyJbwsT7JDsF2jxR+NTnuOwiGv0hLyDoQ==",
      "cpu": [
        "s390x"
      ],
      "dev": true,
      "license": "MIT",
      "optional": true,
      "os": [
        "linux"
      ]
    },
    "node_modules/@rollup/rollup-linux-x64-gnu": {
      "version": "4.22.5",
      "resolved": "https://registry.npmjs.org/@rollup/rollup-linux-x64-gnu/-/rollup-linux-x64-gnu-4.22.5.tgz",
      "integrity": "sha512-N0jPPhHjGShcB9/XXZQWuWBKZQnC1F36Ce3sDqWpujsGjDz/CQtOL9LgTrJ+rJC8MJeesMWrMWVLKKNR/tMOCA==",
      "cpu": [
        "x64"
      ],
      "dev": true,
      "license": "MIT",
      "optional": true,
      "os": [
        "linux"
      ]
    },
    "node_modules/@rollup/rollup-linux-x64-musl": {
      "version": "4.22.5",
      "resolved": "https://registry.npmjs.org/@rollup/rollup-linux-x64-musl/-/rollup-linux-x64-musl-4.22.5.tgz",
      "integrity": "sha512-uBa2e28ohzNNwjr6Uxm4XyaA1M/8aTgfF2T7UIlElLaeXkgpmIJ2EitVNQxjO9xLLLy60YqAgKn/AqSpCUkE9g==",
      "cpu": [
        "x64"
      ],
      "dev": true,
      "license": "MIT",
      "optional": true,
      "os": [
        "linux"
      ]
    },
    "node_modules/@rollup/rollup-win32-arm64-msvc": {
      "version": "4.22.5",
      "resolved": "https://registry.npmjs.org/@rollup/rollup-win32-arm64-msvc/-/rollup-win32-arm64-msvc-4.22.5.tgz",
      "integrity": "sha512-RXT8S1HP8AFN/Kr3tg4fuYrNxZ/pZf1HemC5Tsddc6HzgGnJm0+Lh5rAHJkDuW3StI0ynNXukidROMXYl6ew8w==",
      "cpu": [
        "arm64"
      ],
      "dev": true,
      "license": "MIT",
      "optional": true,
      "os": [
        "win32"
      ]
    },
    "node_modules/@rollup/rollup-win32-ia32-msvc": {
      "version": "4.22.5",
      "resolved": "https://registry.npmjs.org/@rollup/rollup-win32-ia32-msvc/-/rollup-win32-ia32-msvc-4.22.5.tgz",
      "integrity": "sha512-ElTYOh50InL8kzyUD6XsnPit7jYCKrphmddKAe1/Ytt74apOxDq5YEcbsiKs0fR3vff3jEneMM+3I7jbqaMyBg==",
      "cpu": [
        "ia32"
      ],
      "dev": true,
      "license": "MIT",
      "optional": true,
      "os": [
        "win32"
      ]
    },
    "node_modules/@rollup/rollup-win32-x64-msvc": {
      "version": "4.22.5",
      "resolved": "https://registry.npmjs.org/@rollup/rollup-win32-x64-msvc/-/rollup-win32-x64-msvc-4.22.5.tgz",
      "integrity": "sha512-+lvL/4mQxSV8MukpkKyyvfwhH266COcWlXE/1qxwN08ajovta3459zrjLghYMgDerlzNwLAcFpvU+WWE5y6nAQ==",
      "cpu": [
        "x64"
      ],
      "dev": true,
      "license": "MIT",
      "optional": true,
      "os": [
        "win32"
      ]
    },
    "node_modules/@turf/boolean-point-in-polygon": {
      "version": "7.1.0",
      "resolved": "https://registry.npmjs.org/@turf/boolean-point-in-polygon/-/boolean-point-in-polygon-7.1.0.tgz",
      "integrity": "sha512-mprVsyIQ+ijWTZwbnO4Jhxu94ZW2M2CheqLiRTsGJy0Ooay9v6Av5/Nl3/Gst7ZVXxPqMeMaFYkSzcTc87AKew==",
      "license": "MIT",
      "dependencies": {
        "@turf/helpers": "^7.1.0",
        "@turf/invariant": "^7.1.0",
        "@types/geojson": "^7946.0.10",
        "point-in-polygon-hao": "^1.1.0",
        "tslib": "^2.6.2"
      },
      "funding": {
        "url": "https://opencollective.com/turf"
      }
    },
    "node_modules/@turf/helpers": {
      "version": "7.1.0",
      "resolved": "https://registry.npmjs.org/@turf/helpers/-/helpers-7.1.0.tgz",
      "integrity": "sha512-dTeILEUVeNbaEeoZUOhxH5auv7WWlOShbx7QSd4s0T4Z0/iz90z9yaVCtZOLbU89umKotwKaJQltBNO9CzVgaQ==",
      "license": "MIT",
      "dependencies": {
        "@types/geojson": "^7946.0.10",
        "tslib": "^2.6.2"
      },
      "funding": {
        "url": "https://opencollective.com/turf"
      }
    },
    "node_modules/@turf/invariant": {
      "version": "7.1.0",
      "resolved": "https://registry.npmjs.org/@turf/invariant/-/invariant-7.1.0.tgz",
      "integrity": "sha512-OCLNqkItBYIP1nE9lJGuIUatWGtQ4rhBKAyTfFu0z8npVzGEYzvguEeof8/6LkKmTTEHW53tCjoEhSSzdRh08Q==",
      "license": "MIT",
      "dependencies": {
        "@turf/helpers": "^7.1.0",
        "@types/geojson": "^7946.0.10",
        "tslib": "^2.6.2"
      },
      "funding": {
        "url": "https://opencollective.com/turf"
      }
    },
    "node_modules/@tweenjs/tween.js": {
      "version": "25.0.0",
      "resolved": "https://registry.npmjs.org/@tweenjs/tween.js/-/tween.js-25.0.0.tgz",
      "integrity": "sha512-XKLA6syeBUaPzx4j3qwMqzzq+V4uo72BnlbOjmuljLrRqdsd3qnzvZZoxvMHZ23ndsRS4aufU6JOZYpCbU6T1A==",
      "license": "MIT"
    },
    "node_modules/@types/estree": {
      "version": "1.0.6",
      "resolved": "https://registry.npmjs.org/@types/estree/-/estree-1.0.6.tgz",
      "integrity": "sha512-AYnb1nQyY49te+VRAVgmzfcgjYS91mY5P0TKUDCLEM+gNnA+3T6rWITXRLYCpahpqSQbN5cE+gHpnPyXjHWxcw==",
      "dev": true,
      "license": "MIT"
    },
    "node_modules/@types/geojson": {
      "version": "7946.0.14",
      "resolved": "https://registry.npmjs.org/@types/geojson/-/geojson-7946.0.14.tgz",
      "integrity": "sha512-WCfD5Ht3ZesJUsONdhvm84dmzWOiOzOAqOncN0++w0lBw1o8OuDNJF2McvvCef/yBqb/HYRahp1BYtODFQ8bRg==",
      "license": "MIT"
    },
    "node_modules/accessor-fn": {
      "version": "1.5.1",
      "resolved": "https://registry.npmjs.org/accessor-fn/-/accessor-fn-1.5.1.tgz",
      "integrity": "sha512-zZpFYBqIL1Aqg+f2qmYHJ8+yIZF7/tP6PUGx2/QM0uGPSO5UegpinmkNwDohxWtOj586BpMPVRUjce2HI6xB3A==",
      "license": "MIT",
      "engines": {
        "node": ">=12"
      }
    },
    "node_modules/d3-array": {
      "version": "3.2.4",
      "resolved": "https://registry.npmjs.org/d3-array/-/d3-array-3.2.4.tgz",
      "integrity": "sha512-tdQAmyA18i4J7wprpYq8ClcxZy3SC31QMeByyCFyRt7BVHdREQZ5lpzoe5mFEYZUWe+oq8HBvk9JjpibyEV4Jg==",
      "license": "ISC",
      "dependencies": {
        "internmap": "1 - 2"
      },
      "engines": {
        "node": ">=12"
      }
    },
    "node_modules/d3-color": {
      "version": "3.1.0",
      "resolved": "https://registry.npmjs.org/d3-color/-/d3-color-3.1.0.tgz",
      "integrity": "sha512-zg/chbXyeBtMQ1LbD/WSoW2DpC3I0mpmPdW+ynRTj/x2DAWYrIY7qeZIHidozwV24m4iavr15lNwIwLxRmOxhA==",
      "license": "ISC",
      "engines": {
        "node": ">=12"
      }
    },
    "node_modules/d3-delaunay": {
      "version": "6.0.4",
      "resolved": "https://registry.npmjs.org/d3-delaunay/-/d3-delaunay-6.0.4.tgz",
      "integrity": "sha512-mdjtIZ1XLAM8bm/hx3WwjfHt6Sggek7qH043O8KEjDXN40xi3vx/6pYSVTwLjEgiXQTbvaouWKynLBiUZ6SK6A==",
      "license": "ISC",
      "dependencies": {
        "delaunator": "5"
      },
      "engines": {
        "node": ">=12"
      }
    },
    "node_modules/d3-format": {
      "version": "3.1.0",
      "resolved": "https://registry.npmjs.org/d3-format/-/d3-format-3.1.0.tgz",
      "integrity": "sha512-YyUI6AEuY/Wpt8KWLgZHsIU86atmikuoOmCfommt0LYHiQSPjvX2AcFc38PX0CBpr2RCyZhjex+NS/LPOv6YqA==",
      "license": "ISC",
      "engines": {
        "node": ">=12"
      }
    },
    "node_modules/d3-geo": {
      "version": "3.1.1",
      "resolved": "https://registry.npmjs.org/d3-geo/-/d3-geo-3.1.1.tgz",
      "integrity": "sha512-637ln3gXKXOwhalDzinUgY83KzNWZRKbYubaG+fGVuc/dxO64RRljtCTnf5ecMyE1RIdtqpkVcq0IbtU2S8j2Q==",
      "license": "ISC",
      "dependencies": {
        "d3-array": "2.5.0 - 3"
      },
      "engines": {
        "node": ">=12"
      }
    },
    "node_modules/d3-geo-voronoi": {
      "version": "2.1.0",
      "resolved": "https://registry.npmjs.org/d3-geo-voronoi/-/d3-geo-voronoi-2.1.0.tgz",
      "integrity": "sha512-kqE4yYuOjPbKdBXG0xztCacPwkVSK2REF1opSNrnqqtXJmNcM++UbwQ8SxvwP6IQTj9RvIjjK4qeiVsEfj0Z2Q==",
      "license": "ISC",
      "dependencies": {
        "d3-array": "3",
        "d3-delaunay": "6",
        "d3-geo": "3",
        "d3-tricontour": "1"
      },
      "engines": {
        "node": ">=12"
      }
    },
    "node_modules/d3-interpolate": {
      "version": "3.0.1",
      "resolved": "https://registry.npmjs.org/d3-interpolate/-/d3-interpolate-3.0.1.tgz",
      "integrity": "sha512-3bYs1rOD33uo8aqJfKP3JWPAibgw8Zm2+L9vBKEHJ2Rg+viTR7o5Mmv5mZcieN+FRYaAOWX5SJATX6k1PWz72g==",
      "license": "ISC",
      "dependencies": {
        "d3-color": "1 - 3"
      },
      "engines": {
        "node": ">=12"
      }
    },
    "node_modules/d3-scale": {
      "version": "4.0.2",
      "resolved": "https://registry.npmjs.org/d3-scale/-/d3-scale-4.0.2.tgz",
      "integrity": "sha512-GZW464g1SH7ag3Y7hXjf8RoUuAFIqklOAq3MRl4OaWabTFJY9PN/E1YklhXLh+OQ3fM9yS2nOkCoS+WLZ6kvxQ==",
      "license": "ISC",
      "dependencies": {
        "d3-array": "2.10.0 - 3",
        "d3-format": "1 - 3",
        "d3-interpolate": "1.2.0 - 3",
        "d3-time": "2.1.1 - 3",
        "d3-time-format": "2 - 4"
      },
      "engines": {
        "node": ">=12"
      }
    },
    "node_modules/d3-scale-chromatic": {
      "version": "3.1.0",
      "resolved": "https://registry.npmjs.org/d3-scale-chromatic/-/d3-scale-chromatic-3.1.0.tgz",
      "integrity": "sha512-A3s5PWiZ9YCXFye1o246KoscMWqf8BsD9eRiJ3He7C9OBaxKhAd5TFCdEx/7VbKtxxTsu//1mMJFrEt572cEyQ==",
      "license": "ISC",
      "dependencies": {
        "d3-color": "1 - 3",
        "d3-interpolate": "1 - 3"
      },
      "engines": {
        "node": ">=12"
      }
    },
    "node_modules/d3-time": {
      "version": "3.1.0",
      "resolved": "https://registry.npmjs.org/d3-time/-/d3-time-3.1.0.tgz",
      "integrity": "sha512-VqKjzBLejbSMT4IgbmVgDjpkYrNWUYJnbCGo874u7MMKIWsILRX+OpX/gTk8MqjpT1A/c6HY2dCA77ZN0lkQ2Q==",
      "license": "ISC",
      "dependencies": {
        "d3-array": "2 - 3"
      },
      "engines": {
        "node": ">=12"
      }
    },
    "node_modules/d3-time-format": {
      "version": "4.1.0",
      "resolved": "https://registry.npmjs.org/d3-time-format/-/d3-time-format-4.1.0.tgz",
      "integrity": "sha512-dJxPBlzC7NugB2PDLwo9Q8JiTR3M3e4/XANkreKSUxF8vvXKqm1Yfq4Q5dl8budlunRVlUUaDUgFt7eA8D6NLg==",
      "license": "ISC",
      "dependencies": {
        "d3-time": "1 - 3"
      },
      "engines": {
        "node": ">=12"
      }
    },
    "node_modules/d3-tricontour": {
      "version": "1.0.2",
      "resolved": "https://registry.npmjs.org/d3-tricontour/-/d3-tricontour-1.0.2.tgz",
      "integrity": "sha512-HIRxHzHagPtUPNabjOlfcyismJYIsc+Xlq4mlsts4e8eAcwyq9Tgk/sYdyhlBpQ0MHwVquc/8j+e29YjXnmxeA==",
      "license": "ISC",
      "dependencies": {
        "d3-delaunay": "6",
        "d3-scale": "4"
      },
      "engines": {
        "node": ">=12"
      }
    },
    "node_modules/data-joint": {
      "version": "1.3.1",
      "resolved": "https://registry.npmjs.org/data-joint/-/data-joint-1.3.1.tgz",
      "integrity": "sha512-tMK0m4OVGqiA3zkn8JmO6YAqD8UwJqIAx4AAwFl1SKTtKAqcXePuT+n2aayiX9uITtlN3DFtKKTOxJRUc2+HvQ==",
      "license": "MIT",
      "dependencies": {
        "index-array-by": "^1.4.0"
      },
      "engines": {
        "node": ">=12"
      }
    },
    "node_modules/delaunator": {
      "version": "5.0.1",
      "resolved": "https://registry.npmjs.org/delaunator/-/delaunator-5.0.1.tgz",
      "integrity": "sha512-8nvh+XBe96aCESrGOqMp/84b13H9cdKbG5P2ejQCh4d4sK9RL4371qou9drQjMhvnPmhWl5hnmqbEE0fXr9Xnw==",
      "license": "ISC",
      "dependencies": {
        "robust-predicates": "^3.0.2"
      }
    },
    "node_modules/earcut": {
      "version": "3.0.0",
      "resolved": "https://registry.npmjs.org/earcut/-/earcut-3.0.0.tgz",
      "integrity": "sha512-41Fs7Q/PLq1SDbqjsgcY7GA42T0jvaCNGXgGtsNdvg+Yv8eIu06bxv4/PoREkZ9nMDNwnUSG9OFB9+yv8eKhDg==",
      "license": "ISC"
    },
    "node_modules/esbuild": {
      "version": "0.21.5",
      "resolved": "https://registry.npmjs.org/esbuild/-/esbuild-0.21.5.tgz",
      "integrity": "sha512-mg3OPMV4hXywwpoDxu3Qda5xCKQi+vCTZq8S9J/EpkhB2HzKXq4SNFZE3+NK93JYxc8VMSep+lOUSC/RVKaBqw==",
      "dev": true,
      "hasInstallScript": true,
      "license": "MIT",
      "bin": {
        "esbuild": "bin/esbuild"
      },
      "engines": {
        "node": ">=12"
      },
      "optionalDependencies": {
        "@esbuild/aix-ppc64": "0.21.5",
        "@esbuild/android-arm": "0.21.5",
        "@esbuild/android-arm64": "0.21.5",
        "@esbuild/android-x64": "0.21.5",
        "@esbuild/darwin-arm64": "0.21.5",
        "@esbuild/darwin-x64": "0.21.5",
        "@esbuild/freebsd-arm64": "0.21.5",
        "@esbuild/freebsd-x64": "0.21.5",
        "@esbuild/linux-arm": "0.21.5",
        "@esbuild/linux-arm64": "0.21.5",
        "@esbuild/linux-ia32": "0.21.5",
        "@esbuild/linux-loong64": "0.21.5",
        "@esbuild/linux-mips64el": "0.21.5",
        "@esbuild/linux-ppc64": "0.21.5",
        "@esbuild/linux-riscv64": "0.21.5",
        "@esbuild/linux-s390x": "0.21.5",
        "@esbuild/linux-x64": "0.21.5",
        "@esbuild/netbsd-x64": "0.21.5",
        "@esbuild/openbsd-x64": "0.21.5",
        "@esbuild/sunos-x64": "0.21.5",
        "@esbuild/win32-arm64": "0.21.5",
        "@esbuild/win32-ia32": "0.21.5",
        "@esbuild/win32-x64": "0.21.5"
      }
    },
    "node_modules/frame-ticker": {
      "version": "1.0.3",
      "resolved": "https://registry.npmjs.org/frame-ticker/-/frame-ticker-1.0.3.tgz",
      "integrity": "sha512-E0X2u2JIvbEMrqEg5+4BpTqaD22OwojJI63K7MdKHdncjtAhGRbCR8nJCr2vwEt9NWBPCPcu70X9smPviEBy8Q==",
      "license": "MIT",
      "dependencies": {
        "simplesignal": "^2.1.6"
      }
    },
    "node_modules/fsevents": {
      "version": "2.3.3",
      "resolved": "https://registry.npmjs.org/fsevents/-/fsevents-2.3.3.tgz",
      "integrity": "sha512-5xoDfX+fL7faATnagmWPpbFtwh/R77WmMMqqHGS65C3vvB0YHrgF+B1YmZ3441tMj5n63k0212XNoJwzlhffQw==",
      "dev": true,
      "hasInstallScript": true,
      "license": "MIT",
      "optional": true,
      "os": [
        "darwin"
      ],
      "engines": {
        "node": "^8.16.0 || ^10.6.0 || >=11.0.0"
      }
    },
    "node_modules/globe.gl": {
      "version": "2.32.6",
      "resolved": "https://registry.npmjs.org/globe.gl/-/globe.gl-2.32.6.tgz",
      "integrity": "sha512-uulkQ/xEsxlJkHp9+Xfj+/4BPC745fZ3zj7qOlbd28VuTw0X1jNiVYTicDz61ybFCcwTfNbag+d+mZbq2x/9ew==",
      "license": "MIT",
      "dependencies": {
        "@tweenjs/tween.js": "18 - 25",
        "accessor-fn": "1",
        "kapsule": "1",
        "three": ">=0.118 <1",
        "three-globe": "^2.31",
        "three-render-objects": "^1.29"
      },
      "engines": {
        "node": ">=12"
      }
    },
    "node_modules/h3-js": {
      "version": "4.1.0",
      "resolved": "https://registry.npmjs.org/h3-js/-/h3-js-4.1.0.tgz",
      "integrity": "sha512-LQhmMl1dRQQjMXPzJc7MpZ/CqPOWWuAvVEoVJM9n/s7vHypj+c3Pd5rLQCkAsOgAoAYKbNCsYFE++LF7MvSfCQ==",
      "license": "Apache-2.0",
      "engines": {
        "node": ">=4",
        "npm": ">=3",
        "yarn": ">=1.3.0"
      }
    },
    "node_modules/index-array-by": {
      "version": "1.4.2",
      "resolved": "https://registry.npmjs.org/index-array-by/-/index-array-by-1.4.2.tgz",
      "integrity": "sha512-SP23P27OUKzXWEC/TOyWlwLviofQkCSCKONnc62eItjp69yCZZPqDQtr3Pw5gJDnPeUMqExmKydNZaJO0FU9pw==",
      "license": "MIT",
      "engines": {
        "node": ">=12"
      }
    },
    "node_modules/internmap": {
      "version": "2.0.3",
      "resolved": "https://registry.npmjs.org/internmap/-/internmap-2.0.3.tgz",
      "integrity": "sha512-5Hh7Y1wQbvY5ooGgPbDaL5iYLAPzMTUrjMulskHLH6wnv/A+1q5rgEaiuqEjB+oxGXIVZs1FF+R/KPN3ZSQYYg==",
      "license": "ISC",
      "engines": {
        "node": ">=12"
      }
    },
    "node_modules/kapsule": {
      "version": "1.14.5",
      "resolved": "https://registry.npmjs.org/kapsule/-/kapsule-1.14.5.tgz",
      "integrity": "sha512-H0iSpTynUzZw3tgraDmReprpFRmH5oP5GPmaNsurSwLx2H5iCpOMIkp5q+sfhB4Tz/UJd1E1IbEE9Z6ksnJ6RA==",
      "license": "MIT",
      "dependencies": {
        "lodash-es": "4"
      },
      "engines": {
        "node": ">=12"
      }
    },
    "node_modules/lodash-es": {
      "version": "4.17.21",
      "resolved": "https://registry.npmjs.org/lodash-es/-/lodash-es-4.17.21.tgz",
      "integrity": "sha512-mKnC+QJ9pWVzv+C4/U3rRsHapFfHvQFoFB92e52xeyGMcX6/OlIl78je1u8vePzYZSkkogMPJ2yjxxsb89cxyw==",
      "license": "MIT"
    },
    "node_modules/nanoid": {
      "version": "3.3.7",
      "resolved": "https://registry.npmjs.org/nanoid/-/nanoid-3.3.7.tgz",
      "integrity": "sha512-eSRppjcPIatRIMC1U6UngP8XFcz8MQWGQdt1MTBQ7NaAmvXDfvNxbvWV3x2y6CdEUciCSsDHDQZbhYaB8QEo2g==",
      "dev": true,
      "funding": [
        {
          "type": "github",
          "url": "https://github.com/sponsors/ai"
        }
      ],
      "license": "MIT",
      "bin": {
        "nanoid": "bin/nanoid.cjs"
      },
      "engines": {
        "node": "^10 || ^12 || ^13.7 || ^14 || >=15.0.1"
      }
    },
    "node_modules/picocolors": {
      "version": "1.1.0",
      "resolved": "https://registry.npmjs.org/picocolors/-/picocolors-1.1.0.tgz",
      "integrity": "sha512-TQ92mBOW0l3LeMeyLV6mzy/kWr8lkd/hp3mTg7wYK7zJhuBStmGMBG0BdeDZS/dZx1IukaX6Bk11zcln25o1Aw==",
      "dev": true,
      "license": "ISC"
    },
    "node_modules/point-in-polygon-hao": {
      "version": "1.1.0",
      "resolved": "https://registry.npmjs.org/point-in-polygon-hao/-/point-in-polygon-hao-1.1.0.tgz",
      "integrity": "sha512-3hTIM2j/v9Lio+wOyur3kckD4NxruZhpowUbEgmyikW+a2Kppjtu1eN+AhnMQtoHW46zld88JiYWv6fxpsDrTQ==",
      "license": "MIT"
    },
    "node_modules/polished": {
      "version": "4.3.1",
      "resolved": "https://registry.npmjs.org/polished/-/polished-4.3.1.tgz",
      "integrity": "sha512-OBatVyC/N7SCW/FaDHrSd+vn0o5cS855TOmYi4OkdWUMSJCET/xip//ch8xGUvtr3i44X9LVyWwQlRMTN3pwSA==",
      "license": "MIT",
      "dependencies": {
        "@babel/runtime": "^7.17.8"
      },
      "engines": {
        "node": ">=10"
      }
    },
    "node_modules/postcss": {
      "version": "8.4.47",
      "resolved": "https://registry.npmjs.org/postcss/-/postcss-8.4.47.tgz",
      "integrity": "sha512-56rxCq7G/XfB4EkXq9Egn5GCqugWvDFjafDOThIdMBsI15iqPqR5r15TfSr1YPYeEI19YeaXMCbY6u88Y76GLQ==",
      "dev": true,
      "funding": [
        {
          "type": "opencollective",
          "url": "https://opencollective.com/postcss/"
        },
        {
          "type": "tidelift",
          "url": "https://tidelift.com/funding/github/npm/postcss"
        },
        {
          "type": "github",
          "url": "https://github.com/sponsors/ai"
        }
      ],
      "license": "MIT",
      "dependencies": {
        "nanoid": "^3.3.7",
        "picocolors": "^1.1.0",
        "source-map-js": "^1.2.1"
      },
      "engines": {
        "node": "^10 || ^12 || >=14"
      }
    },
    "node_modules/rafor": {
      "version": "1.0.2",
      "resolved": "https://registry.npmjs.org/rafor/-/rafor-1.0.2.tgz",
      "integrity": "sha512-b8e8/srbSbC0FZTxivEz9pj5z1mQM8CpCEv1aAxuaK26ljSOHJk8AjimcTaHpHIZlwH/VPbli12LuKKrJyyGmA==",
      "license": "MIT"
    },
    "node_modules/regenerator-runtime": {
      "version": "0.14.1",
      "resolved": "https://registry.npmjs.org/regenerator-runtime/-/regenerator-runtime-0.14.1.tgz",
      "integrity": "sha512-dYnhHh0nJoMfnkZs6GmmhFknAGRrLznOu5nc9ML+EJxGvrx6H7teuevqVqCuPcPK//3eDrrjQhehXVx9cnkGdw==",
      "license": "MIT"
    },
    "node_modules/robust-predicates": {
      "version": "3.0.2",
      "resolved": "https://registry.npmjs.org/robust-predicates/-/robust-predicates-3.0.2.tgz",
      "integrity": "sha512-IXgzBWvWQwE6PrDI05OvmXUIruQTcoMDzRsOd5CDvHCVLcLHMTSYvOK5Cm46kWqlV3yAbuSpBZdJ5oP5OUoStg==",
      "license": "Unlicense"
    },
    "node_modules/rollup": {
      "version": "4.22.5",
      "resolved": "https://registry.npmjs.org/rollup/-/rollup-4.22.5.tgz",
      "integrity": "sha512-WoinX7GeQOFMGznEcWA1WrTQCd/tpEbMkc3nuMs9BT0CPjMdSjPMTVClwWd4pgSQwJdP65SK9mTCNvItlr5o7w==",
      "dev": true,
      "license": "MIT",
      "dependencies": {
        "@types/estree": "1.0.6"
      },
      "bin": {
        "rollup": "dist/bin/rollup"
      },
      "engines": {
        "node": ">=18.0.0",
        "npm": ">=8.0.0"
      },
      "optionalDependencies": {
        "@rollup/rollup-android-arm-eabi": "4.22.5",
        "@rollup/rollup-android-arm64": "4.22.5",
        "@rollup/rollup-darwin-arm64": "4.22.5",
        "@rollup/rollup-darwin-x64": "4.22.5",
        "@rollup/rollup-linux-arm-gnueabihf": "4.22.5",
        "@rollup/rollup-linux-arm-musleabihf": "4.22.5",
        "@rollup/rollup-linux-arm64-gnu": "4.22.5",
        "@rollup/rollup-linux-arm64-musl": "4.22.5",
        "@rollup/rollup-linux-powerpc64le-gnu": "4.22.5",
        "@rollup/rollup-linux-riscv64-gnu": "4.22.5",
        "@rollup/rollup-linux-s390x-gnu": "4.22.5",
        "@rollup/rollup-linux-x64-gnu": "4.22.5",
        "@rollup/rollup-linux-x64-musl": "4.22.5",
        "@rollup/rollup-win32-arm64-msvc": "4.22.5",
        "@rollup/rollup-win32-ia32-msvc": "4.22.5",
        "@rollup/rollup-win32-x64-msvc": "4.22.5",
        "fsevents": "~2.3.2"
      }
    },
    "node_modules/simplesignal": {
      "version": "2.1.7",
      "resolved": "https://registry.npmjs.org/simplesignal/-/simplesignal-2.1.7.tgz",
      "integrity": "sha512-PEo2qWpUke7IMhlqiBxrulIFvhJRLkl1ih52Rwa+bPjzhJepcd4GIjn2RiQmFSx3dQvsEAgF0/lXMwMN7vODaA==",
      "license": "MIT"
    },
    "node_modules/source-map-js": {
      "version": "1.2.1",
      "resolved": "https://registry.npmjs.org/source-map-js/-/source-map-js-1.2.1.tgz",
      "integrity": "sha512-UXWMKhLOwVKb728IUtQPXxfYU+usdybtUrK/8uGE8CQMvrhOpwvzDBwj0QhSL7MQc7vIsISBG8VQ8+IDQxpfQA==",
      "dev": true,
      "license": "BSD-3-Clause",
      "engines": {
        "node": ">=0.10.0"
      }
    },
    "node_modules/three": {
      "version": "0.169.0",
      "resolved": "https://registry.npmjs.org/three/-/three-0.169.0.tgz",
      "integrity": "sha512-Ed906MA3dR4TS5riErd4QBsRGPcx+HBDX2O5yYE5GqJeFQTPU+M56Va/f/Oph9X7uZo3W3o4l2ZhBZ6f6qUv0w==",
      "license": "MIT"
    },
    "node_modules/three-conic-polygon-geometry": {
      "version": "1.6.4",
      "resolved": "https://registry.npmjs.org/three-conic-polygon-geometry/-/three-conic-polygon-geometry-1.6.4.tgz",
      "integrity": "sha512-/UCeKezqSw1GopU9XnEH3oWdUYhcy4jnjeABkAHZrP1bGywUAjI3IcTfuVgl+Ug9V+dvsrUNKGSeWMq46XYylA==",
      "license": "MIT",
      "dependencies": {
        "@turf/boolean-point-in-polygon": "^7.1",
        "d3-array": "1 - 3",
        "d3-geo": "1 - 3",
        "d3-geo-voronoi": "^2.0",
        "d3-scale": "1 - 4",
        "delaunator": "5",
        "earcut": "3"
      },
      "engines": {
        "node": ">=12"
      },
      "peerDependencies": {
        "three": ">=0.72.0"
      }
    },
    "node_modules/three-fatline": {
      "version": "0.7.0",
      "resolved": "https://registry.npmjs.org/three-fatline/-/three-fatline-0.7.0.tgz",
      "integrity": "sha512-IG3mA1gNO1ccT/O8ou9rBnYJQynCreCZn12IfuyFoWNN9+0DrrSENlXk46I7TQfNBKCgwsHpzucJ2qyPC3I/dQ==",
      "engines": {
        "node": ">=12"
      },
      "peerDependencies": {
        "three": ">=0.154.0"
      }
    },
    "node_modules/three-geojson-geometry": {
      "version": "1.3.3",
      "resolved": "https://registry.npmjs.org/three-geojson-geometry/-/three-geojson-geometry-1.3.3.tgz",
      "integrity": "sha512-9SogZ9CYfzUYPo0oagGdTCU+Suyjqrbdya24xNbkwMwXr0atF5ozJKPUkdQWHwUy2WgV+i4I9cSjFDnGnanvbQ==",
      "license": "MIT",
      "dependencies": {
        "d3-geo": "1 - 3",
        "earcut": "3"
      },
      "engines": {
        "node": ">=12"
      },
      "peerDependencies": {
        "three": ">=0.72.0"
      }
    },
    "node_modules/three-globe": {
      "version": "2.31.3",
      "resolved": "https://registry.npmjs.org/three-globe/-/three-globe-2.31.3.tgz",
      "integrity": "sha512-SxzI6k9KILp+f2Sa+GcMgQlyxhU1688OA436i4ojhvrd1M6RP0mjr2SM20yJek5ib/bkNA5o96XbNPAM3mqkBA==",
      "license": "MIT",
      "dependencies": {
        "@tweenjs/tween.js": "18 - 25",
        "accessor-fn": "1",
        "d3-array": "3",
        "d3-color": "3",
        "d3-geo": "3",
        "d3-interpolate": "3",
        "d3-scale": "4",
        "d3-scale-chromatic": "3",
        "data-joint": "1",
        "frame-ticker": "1",
        "h3-js": "4",
        "index-array-by": "1",
        "kapsule": "1",
        "three-conic-polygon-geometry": "1",
        "three-fatline": "^0.7",
        "three-geojson-geometry": "1",
        "tinycolor2": "1",
        "yaot": "^1.1"
      },
      "engines": {
        "node": ">=12"
      },
      "peerDependencies": {
        "three": ">=0.125"
      }
    },
    "node_modules/three-render-objects": {
      "version": "1.29.5",
      "resolved": "https://registry.npmjs.org/three-render-objects/-/three-render-objects-1.29.5.tgz",
      "integrity": "sha512-OLtETrjF184NuaaI/vpRlIP9FxVNAgBBCgWYXhGFUDnPdl/2iX8rialUPGA1gEXvOTiKyepArVgm1LUkJw15rQ==",
      "license": "MIT",
      "dependencies": {
        "@tweenjs/tween.js": "18 - 25",
        "accessor-fn": "1",
        "kapsule": "1",
        "polished": "4"
      },
      "engines": {
        "node": ">=12"
      },
      "peerDependencies": {
        "three": "*"
      }
    },
    "node_modules/tinycolor2": {
      "version": "1.6.0",
      "resolved": "https://registry.npmjs.org/tinycolor2/-/tinycolor2-1.6.0.tgz",
      "integrity": "sha512-XPaBkWQJdsf3pLKJV9p4qN/S+fm2Oj8AIPo1BTUhg5oxkvm9+SVEGFdhyOz7tTdUTfvxMiAs4sp6/eZO2Ew+pw==",
      "license": "MIT"
    },
    "node_modules/tslib": {
      "version": "2.7.0",
      "resolved": "https://registry.npmjs.org/tslib/-/tslib-2.7.0.tgz",
      "integrity": "sha512-gLXCKdN1/j47AiHiOkJN69hJmcbGTHI0ImLmbYLHykhgeN0jVGola9yVjFgzCUklsZQMW55o+dW7IXv3RCXDzA==",
      "license": "0BSD"
    },
    "node_modules/vite": {
      "version": "5.4.8",
      "resolved": "https://registry.npmjs.org/vite/-/vite-5.4.8.tgz",
      "integrity": "sha512-FqrItQ4DT1NC4zCUqMB4c4AZORMKIa0m8/URVCZ77OZ/QSNeJ54bU1vrFADbDsuwfIPcgknRkmqakQcgnL4GiQ==",
      "dev": true,
      "license": "MIT",
      "dependencies": {
        "esbuild": "^0.21.3",
        "postcss": "^8.4.43",
        "rollup": "^4.20.0"
      },
      "bin": {
        "vite": "bin/vite.js"
      },
      "engines": {
        "node": "^18.0.0 || >=20.0.0"
      },
      "funding": {
        "url": "https://github.com/vitejs/vite?sponsor=1"
      },
      "optionalDependencies": {
        "fsevents": "~2.3.3"
      },
      "peerDependencies": {
        "@types/node": "^18.0.0 || >=20.0.0",
        "less": "*",
        "lightningcss": "^1.21.0",
        "sass": "*",
        "sass-embedded": "*",
        "stylus": "*",
        "sugarss": "*",
        "terser": "^5.4.0"
      },
      "peerDependenciesMeta": {
        "@types/node": {
          "optional": true
        },
        "less": {
          "optional": true
        },
        "lightningcss": {
          "optional": true
        },
        "sass": {
          "optional": true
        },
        "sass-embedded": {
          "optional": true
        },
        "stylus": {
          "optional": true
        },
        "sugarss": {
          "optional": true
        },
        "terser": {
          "optional": true
        }
      }
    },
    "node_modules/yaot": {
      "version": "1.1.3",
      "resolved": "https://registry.npmjs.org/yaot/-/yaot-1.1.3.tgz",
      "integrity": "sha512-AE8LInj21hTuA01RUK+9pSsl0ltQXO+rxn4Q+CJT4+NI/X7dhGGblF7vvzGj6ro0qXRCGAE/7ccEfu6S4DJayw==",
      "license": "MIT",
      "dependencies": {
        "rafor": "^1.0.2"
      }
    }
  }
}
